github.com/ahmetalpbalkan/go-cursor v0.0.0-20131010032410-8136607ea412 h1:vOVO0ypMfTt6tZacyI0kp+iCZb1XSNiYDqnzBWYgfe4=
github.com/ahmetalpbalkan/go-cursor v0.0.0-20131010032410-8136607ea412/go.mod h1:AI9hp1tkp10pAlK5TCwL+7yWbRgtDm9jhToq6qij2xs=
github.com/eiannone/keyboard v0.0.0-20190314115158-7169d0afeb4f h1:UnS2RJ1y4KXbupaWRmMIkfFE9IBW//FiSCfTnHTsErI=
github.com/eiannone/keyboard v0.0.0-20190314115158-7169d0afeb4f/go.mod h1:Xoiu5VdKMvbRgHuY7+z64lhu/7lvax/22nzASF6GrO8=
golang.org/x/sys v0.0.0-20191210023423-ac6580df4449 h1:gSbV7h1NRL2G1xTg/owz62CST1oJBmxy4QpMMregXVQ=
golang.org/x/sys v0.0.0-20191210023423-ac6580df4449/go.mod h1:h1NjWce9XRLGQEsW7wpKNCjG9DtNlClVuFLEZdDNbEs=
